// !$*UTF8*$!
{
	archiveVersion = 1;
	classes = {
	};
	objectVersion = 48;
	objects = {

/* Begin PBXGroup section */
		0746165A204B495600F2192A = {
			isa = PBXGroup;
			children = (
			);
			sourceTree = "<group>";
		};
/* End PBXGroup section */

/* Begin PBXProject section */
		0746165B204B495600F2192A /* Project object */ = {
			isa = PBXProject;
			attributes = {
				CLASSPREFIX = KSO;
				LastUpgradeCheck = 0920;
				ORGANIZATIONNAME = "Kosoku Interactive, LLC.";
			};
			buildConfigurationList = 0746165E204B495600F2192A /* Build configuration list for PBXProject "KSOChatKit" */;
			compatibilityVersion = "Xcode 8.0";
			developmentRegion = en;
			hasScannedForEncodings = 0;
			knownRegions = (
				en,
			);
			mainGroup = 0746165A204B495600F2192A;
			projectDirPath = "";
			projectRoot = "";
			targets = (
			);
		};
/* End PBXProject section */

/* Begin XCBuildConfiguration section */
		0746165F204B495600F2192A /* Debug */ = {
			isa = XCBuildConfiguration;
			buildSettings = {
			};
			name = Debug;
		};
		07461660204B495600F2192A /* Release */ = {
			isa = XCBuildConfiguration;
			buildSettings = {
			};
			name = Release;
		};
/* End XCBuildConfiguration section */

/* Begin XCConfigurationList section */
		0746165E204B495600F2192A /* Build configuration list for PBXProject "KSOChatKit" */ = {
			isa = XCConfigurationList;
			buildConfigurations = (
				0746165F204B495600F2192A /* Debug */,
				07461660204B495600F2192A /* Release */,
			);
			defaultConfigurationIsVisible = 0;
			defaultConfigurationName = Release;
		};
/* End XCConfigurationList section */
	};
	rootObject = 0746165B204B495600F2192A /* Project object */;
}
